{
  "lockfileVersion": 1,
  "configVersion": 1,
  "workspaces": {
    "": {
      "name": "repo-squeeze",
      "dependencies": {
        "tinyclip": "^0.1.12",
        "unpdf": "^1.6.2",
      },
    },
  },
  "packages": {
    "tinyclip": ["tinyclip@0.1.12", "", {}, "sha512-Ae3OVUqifDw0wBriIBS7yVaW44Dp6eSHQcyq4Igc7eN2TJH/2YsicswaW+J/OuMvhpDPOKEgpAZCjkb4hpoyeA=="],

    "unpdf": ["unpdf@1.6.2", "", { "peerDependencies": { "@napi-rs/canvas": "^0.1.69" }, "optionalPeers": ["@napi-rs/canvas"] }, "sha512-zQ80ySoPuPHOsvIoRp/nJyQt8TOUoTh1+WBCGcBvlddQNgKDLRwm0AY3x8Q35I7+kIiRSgqMx+Ma2pl9McIp7A=="],
  }
}
